// !$*UTF8*$!
{
	archiveVersion = 1;
	classes = {
	};
	objectVersion = 46;
	objects = {

/* Begin PBXBuildFile section */
		BA7DFB1D1F2769D600727B1F /* main.m in Sources */ = {isa = PBXBuildFile; fileRef = BA7DFB1C1F2769D600727B1F /* main.m */; };
		BA7DFB281F2769D600727B1F /* Assets.xcassets in Resources */ = {isa = PBXBuildFile; fileRef = BA7DFB271F2769D600727B1F /* Assets.xcassets */; };
		BA7DFB2B1F2769D600727B1F /* LaunchScreen.storyboard in Resources */ = {isa = PBXBuildFile; fileRef = BA7DFB291F2769D600727B1F /* LaunchScreen.storyboard */; };
		BA7DFB361F2769D600727B1F /* PracticeProjectTests.m in Sources */ = {isa = PBXBuildFile; fileRef = BA7DFB351F2769D600727B1F /* PracticeProjectTests.m */; };
		BA7DFB411F2769D600727B1F /* PracticeProjectUITests.m in Sources */ = {isa = PBXBuildFile; fileRef = BA7DFB401F2769D600727B1F /* PracticeProjectUITests.m */; };
		BA7DFB601F27753E00727B1F /* RTAppDelegate.m in Sources */ = {isa = PBXBuildFile; fileRef = BA7DFB5F1F27753E00727B1F /* RTAppDelegate.m */; };
		BAB3221A1FD691DF00E7C119 /* RTRACOperation.m in Sources */ = {isa = PBXBuildFile; fileRef = BAB322191FD691DF00E7C119 /* RTRACOperation.m */; };
		BAED449B2099DC5900397F3F /* JsPatchViewController.m in Sources */ = {isa = PBXBuildFile; fileRef = BAED449A2099DC5900397F3F /* JsPatchViewController.m */; };
		BAED44A02099DC8500397F3F /* JPEngine.m in Sources */ = {isa = PBXBuildFile; fileRef = BAED449D2099DC8500397F3F /* JPEngine.m */; };
		BAED44A12099DC8500397F3F /* JSPatch.js in Resources */ = {isa = PBXBuildFile; fileRef = BAED449F2099DC8500397F3F /* JSPatch.js */; };
		BAED44A62099DE2900397F3F /* TestViewController.m in Sources */ = {isa = PBXBuildFile; fileRef = BAED44A52099DE2900397F3F /* TestViewController.m */; };
		BAED44A82099E0D200397F3F /* Test List.plist in Resources */ = {isa = PBXBuildFile; fileRef = BAED44A72099E0D200397F3F /* Test List.plist */; };
		D41ADCC652F2B6D1D5C93BA0 /* libPods-PracticeProject.a in Frameworks */ = {isa = PBXBuildFile; fileRef = 4E538F72997E14508EAB975E /* libPods-PracticeProject.a */; };
/* End PBXBuildFile section */

/* Begin PBXContainerItemProxy section */
		BA7DFB321F2769D600727B1F /* PBXContainerItemProxy */ = {
			isa = PBXContainerItemProxy;
			containerPortal = BA7DFB101F2769D600727B1F /* Project object */;
			proxyType = 1;
			remoteGlobalIDString = BA7DFB171F2769D600727B1F;
			remoteInfo = PracticeProject;
		};
		BA7DFB3D1F2769D600727B1F /* PBXContainerItemProxy */ = {
			isa = PBXContainerItemProxy;
			containerPortal = BA7DFB101F2769D600727B1F /* Project object */;
			proxyType = 1;
			remoteGlobalIDString = BA7DFB171F2769D600727B1F;
			remoteInfo = PracticeProject;
		};
/* End PBXContainerItemProxy section */

/* Begin PBXFileReference section */
		0DC278619CAF8940641F31D1 /* Pods-PracticeProject.release.xcconfig */ = {isa = PBXFileReference; includeInIndex = 1; lastKnownFileType = text.xcconfig; name = "Pods-PracticeProject.release.xcconfig"; path = "Pods/Target Support Files/Pods-PracticeProject/Pods-PracticeProject.release.xcconfig"; sourceTree = "<group>"; };
		4E538F72997E14508EAB975E /* libPods-PracticeProject.a */ = {isa = PBXFileReference; explicitFileType = archive.ar; includeInIndex = 0; path = "libPods-PracticeProject.a"; sourceTree = BUILT_PRODUCTS_DIR; };
		B8D949701D78B2F402BCBD6A /* Pods-PracticeProject.debug.xcconfig */ = {isa = PBXFileReference; includeInIndex = 1; lastKnownFileType = text.xcconfig; name = "Pods-PracticeProject.debug.xcconfig"; path = "Pods/Target Support Files/Pods-PracticeProject/Pods-PracticeProject.debug.xcconfig"; sourceTree = "<group>"; };
		BA7DFB181F2769D600727B1F /* PracticeProject.app */ = {isa = PBXFileReference; explicitFileType = wrapper.application; includeInIndex = 0; path = PracticeProject.app; sourceTree = BUILT_PRODUCTS_DIR; };
		BA7DFB1C1F2769D600727B1F /* main.m */ = {isa = PBXFileReference; lastKnownFileType = sourcecode.c.objc; path = main.m; sourceTree = "<group>"; };
		BA7DFB271F2769D600727B1F /* Assets.xcassets */ = {isa = PBXFileReference; lastKnownFileType = folder.assetcatalog; path = Assets.xcassets; sourceTree = "<group>"; };
		BA7DFB2A1F2769D600727B1F /* Base */ = {isa = PBXFileReference; lastKnownFileType = file.storyboard; name = Base; path = Base.lproj/LaunchScreen.storyboard; sourceTree = "<group>"; };
		BA7DFB2C1F2769D600727B1F /* Info.plist */ = {isa = PBXFileReference; lastKnownFileType = text.plist.xml; path = Info.plist; sourceTree = "<group>"; };
		BA7DFB311F2769D600727B1F /* PracticeProjectTests.xctest */ = {isa = PBXFileReference; explicitFileType = wrapper.cfbundle; includeInIndex = 0; path = PracticeProjectTests.xctest; sourceTree = BUILT_PRODUCTS_DIR; };
		BA7DFB351F2769D600727B1F /* PracticeProjectTests.m */ = {isa = PBXFileReference; lastKnownFileType = sourcecode.c.objc; path = PracticeProjectTests.m; sourceTree = "<group>"; };
		BA7DFB371F2769D600727B1F /* Info.plist */ = {isa = PBXFileReference; lastKnownFileType = text.plist.xml; path = Info.plist; sourceTree = "<group>"; };
		BA7DFB3C1F2769D600727B1F /* PracticeProjectUITests.xctest */ = {isa = PBXFileReference; explicitFileType = wrapper.cfbundle; includeInIndex = 0; path = PracticeProjectUITests.xctest; sourceTree = BUILT_PRODUCTS_DIR; };
		BA7DFB401F2769D600727B1F /* PracticeProjectUITests.m */ = {isa = PBXFileReference; lastKnownFileType = sourcecode.c.objc; path = PracticeProjectUITests.m; sourceTree = "<group>"; };
		BA7DFB421F2769D600727B1F /* Info.plist */ = {isa = PBXFileReference; lastKnownFileType = text.plist.xml; path = Info.plist; sourceTree = "<group>"; };
		BA7DFB5E1F27753E00727B1F /* RTAppDelegate.h */ = {isa = PBXFileReference; fileEncoding = 4; lastKnownFileType = sourcecode.c.h; path = RTAppDelegate.h; sourceTree = "<group>"; };
		BA7DFB5F1F27753E00727B1F /* RTAppDelegate.m */ = {isa = PBXFileReference; fileEncoding = 4; lastKnownFileType = sourcecode.c.objc; path = RTAppDelegate.m; sourceTree = "<group>"; };
		BA7DFB621F27766300727B1F /* PracticeProject.pch */ = {isa = PBXFileReference; lastKnownFileType = sourcecode.c.h; path = PracticeProject.pch; sourceTree = "<group>"; };
		BAB322181FD691DF00E7C119 /* RTRACOperation.h */ = {isa = PBXFileReference; lastKnownFileType = sourcecode.c.h; path = RTRACOperation.h; sourceTree = "<group>"; };
		BAB322191FD691DF00E7C119 /* RTRACOperation.m */ = {isa = PBXFileReference; lastKnownFileType = sourcecode.c.objc; path = RTRACOperation.m; sourceTree = "<group>"; };
		BAED44992099DC5900397F3F /* JsPatchViewController.h */ = {isa = PBXFileReference; lastKnownFileType = sourcecode.c.h; path = JsPatchViewController.h; sourceTree = "<group>"; };
		BAED449A2099DC5900397F3F /* JsPatchViewController.m */ = {isa = PBXFileReference; lastKnownFileType = sourcecode.c.objc; path = JsPatchViewController.m; sourceTree = "<group>"; };
		BAED449D2099DC8500397F3F /* JPEngine.m */ = {isa = PBXFileReference; fileEncoding = 4; lastKnownFileType = sourcecode.c.objc; path = JPEngine.m; sourceTree = "<group>"; };
		BAED449E2099DC8500397F3F /* JPEngine.h */ = {isa = PBXFileReference; fileEncoding = 4; lastKnownFileType = sourcecode.c.h; path = JPEngine.h; sourceTree = "<group>"; };
		BAED449F2099DC8500397F3F /* JSPatch.js */ = {isa = PBXFileReference; fileEncoding = 4; lastKnownFileType = sourcecode.javascript; path = JSPatch.js; sourceTree = "<group>"; };
		BAED44A42099DE2900397F3F /* TestViewController.h */ = {isa = PBXFileReference; lastKnownFileType = sourcecode.c.h; path = TestViewController.h; sourceTree = "<group>"; };
		BAED44A52099DE2900397F3F /* TestViewController.m */ = {isa = PBXFileReference; lastKnownFileType = sourcecode.c.objc; path = TestViewController.m; sourceTree = "<group>"; };
		BAED44A72099E0D200397F3F /* Test List.plist */ = {isa = PBXFileReference; lastKnownFileType = text.plist.xml; path = "Test List.plist"; sourceTree = "<group>"; };
/* End PBXFileReference section */

/* Begin PBXFrameworksBuildPhase section */
		BA7DFB151F2769D600727B1F /* Frameworks */ = {
			isa = PBXFrameworksBuildPhase;
			buildActionMask = 2147483647;
			files = (
				D41ADCC652F2B6D1D5C93BA0 /* libPods-PracticeProject.a in Frameworks */,
			);
			runOnlyForDeploymentPostprocessing = 0;
		};
		BA7DFB2E1F2769D600727B1F /* Frameworks */ = {
			isa = PBXFrameworksBuildPhase;
			buildActionMask = 2147483647;
			files = (
			);
			runOnlyForDeploymentPostprocessing = 0;
		};
		BA7DFB391F2769D600727B1F /* Frameworks */ = {
			isa = PBXFrameworksBuildPhase;
			buildActionMask = 2147483647;
			files = (
			);
			runOnlyForDeploymentPostprocessing = 0;
		};
/* End PBXFrameworksBuildPhase section */

/* Begin PBXGroup section */
		71F0569DE5EAEFBCCBBBFA13 /* Pods */ = {
			isa = PBXGroup;
			children = (
				B8D949701D78B2F402BCBD6A /* Pods-PracticeProject.debug.xcconfig */,
				0DC278619CAF8940641F31D1 /* Pods-PracticeProject.release.xcconfig */,
			);
			name = Pods;
			sourceTree = "<group>";
		};
		BA7DFB0F1F2769D600727B1F = {
			isa = PBXGroup;
			children = (
				BA7DFB1A1F2769D600727B1F /* PracticeProject */,
				BA7DFB341F2769D600727B1F /* PracticeProjectTests */,
				BA7DFB3F1F2769D600727B1F /* PracticeProjectUITests */,
				BA7DFB191F2769D600727B1F /* Products */,
				71F0569DE5EAEFBCCBBBFA13 /* Pods */,
				D25C25BC8EBA530E16EBC477 /* Frameworks */,
			);
			sourceTree = "<group>";
		};
		BA7DFB191F2769D600727B1F /* Products */ = {
			isa = PBXGroup;
			children = (
				BA7DFB181F2769D600727B1F /* PracticeProject.app */,
				BA7DFB311F2769D600727B1F /* PracticeProjectTests.xctest */,
				BA7DFB3C1F2769D600727B1F /* PracticeProjectUITests.xctest */,
			);
			name = Products;
			sourceTree = "<group>";
		};
		BA7DFB1A1F2769D600727B1F /* PracticeProject */ = {
			isa = PBXGroup;
			children = (
				BA7DFB5E1F27753E00727B1F /* RTAppDelegate.h */,
				BA7DFB5F1F27753E00727B1F /* RTAppDelegate.m */,
				BAED44A42099DE2900397F3F /* TestViewController.h */,
				BAED44A52099DE2900397F3F /* TestViewController.m */,
				BAED44A72099E0D200397F3F /* Test List.plist */,
				BAED44982099DC2400397F3F /* JsPatch */,
				BAB3221C1FD692B900E7C119 /* Rac */,
				BA7DFB1B1F2769D600727B1F /* Supporting Files */,
			);
			path = PracticeProject;
			sourceTree = "<group>";
		};
		BA7DFB1B1F2769D600727B1F /* Supporting Files */ = {
			isa = PBXGroup;
			children = (
				BA7DFB271F2769D600727B1F /* Assets.xcassets */,
				BA7DFB291F2769D600727B1F /* LaunchScreen.storyboard */,
				BA7DFB2C1F2769D600727B1F /* Info.plist */,
				BA7DFB1C1F2769D600727B1F /* main.m */,
				BA7DFB621F27766300727B1F /* PracticeProject.pch */,
			);
			name = "Supporting Files";
			sourceTree = "<group>";
		};
		BA7DFB341F2769D600727B1F /* PracticeProjectTests */ = {
			isa = PBXGroup;
			children = (
				BA7DFB351F2769D600727B1F /* PracticeProjectTests.m */,
				BA7DFB371F2769D600727B1F /* Info.plist */,
			);
			path = PracticeProjectTests;
			sourceTree = "<group>";
		};
		BA7DFB3F1F2769D600727B1F /* PracticeProjectUITests */ = {
			isa = PBXGroup;
			children = (
				BA7DFB401F2769D600727B1F /* PracticeProjectUITests.m */,
				BA7DFB421F2769D600727B1F /* Info.plist */,
			);
			path = PracticeProjectUITests;
			sourceTree = "<group>";
		};
		BAB3221C1FD692B900E7C119 /* Rac */ = {
			isa = PBXGroup;
			children = (
				BAB322181FD691DF00E7C119 /* RTRACOperation.h */,
				BAB322191FD691DF00E7C119 /* RTRACOperation.m */,
			);
			path = Rac;
			sourceTree = "<group>";
		};
		BAED44982099DC2400397F3F /* JsPatch */ = {
			isa = PBXGroup;
			children = (
				BAED44992099DC5900397F3F /* JsPatchViewController.h */,
				BAED449A2099DC5900397F3F /* JsPatchViewController.m */,
				BAED449C2099DC8500397F3F /* JSPatch */,
			);
			path = JsPatch;
			sourceTree = "<group>";
		};
		BAED449C2099DC8500397F3F /* JSPatch */ = {
			isa = PBXGroup;
			children = (
				BAED449D2099DC8500397F3F /* JPEngine.m */,
				BAED449E2099DC8500397F3F /* JPEngine.h */,
				BAED449F2099DC8500397F3F /* JSPatch.js */,
			);
			path = JSPatch;
			sourceTree = "<group>";
		};
		D25C25BC8EBA530E16EBC477 /* Frameworks */ = {
			isa = PBXGroup;
			children = (
				4E538F72997E14508EAB975E /* libPods-PracticeProject.a */,
			);
			name = Frameworks;
			sourceTree = "<group>";
		};
/* End PBXGroup section */

/* Begin PBXNativeTarget section */
		BA7DFB171F2769D600727B1F /* PracticeProject */ = {
			isa = PBXNativeTarget;
			buildConfigurationList = BA7DFB451F2769D600727B1F /* Build configuration list for PBXNativeTarget "PracticeProject" */;
			buildPhases = (
				2D8B84899798342325687DAD /* [CP] Check Pods Manifest.lock */,
				BA7DFB141F2769D600727B1F /* Sources */,
				BA7DFB151F2769D600727B1F /* Frameworks */,
				BA7DFB161F2769D600727B1F /* Resources */,
				84F6F6CAC08AFE8E58E9CFEE /* [CP] Embed Pods Frameworks */,
				7E8B1D7B4FDA55757A7F1EB3 /* [CP] Copy Pods Resources */,
			);
			buildRules = (
			);
			dependencies = (
			);
			name = PracticeProject;
			productName = PracticeProject;
			productReference = BA7DFB181F2769D600727B1F /* PracticeProject.app */;
			productType = "com.apple.product-type.application";
		};
		BA7DFB301F2769D600727B1F /* PracticeProjectTests */ = {
			isa = PBXNativeTarget;
			buildConfigurationList = BA7DFB481F2769D600727B1F /* Build configuration list for PBXNativeTarget "PracticeProjectTests" */;
			buildPhases = (
				BA7DFB2D1F2769D600727B1F /* Sources */,
				BA7DFB2E1F2769D600727B1F /* Frameworks */,
				BA7DFB2F1F2769D600727B1F /* Resources */,
			);
			buildRules = (
			);
			dependencies = (
				BA7DFB331F2769D600727B1F /* PBXTargetDependency */,
			);
			name = PracticeProjectTests;
			productName = PracticeProjectTests;
			productReference = BA7DFB311F2769D600727B1F /* PracticeProjectTests.xctest */;
			productType = "com.apple.product-type.bundle.unit-test";
		};
		BA7DFB3B1F2769D600727B1F /* PracticeProjectUITests */ = {
			isa = PBXNativeTarget;
			buildConfigurationList = BA7DFB4B1F2769D600727B1F /* Build configuration list for PBXNativeTarget "PracticeProjectUITests" */;
			buildPhases = (
				BA7DFB381F2769D600727B1F /* Sources */,
				BA7DFB391F2769D600727B1F /* Frameworks */,
				BA7DFB3A1F2769D600727B1F /* Resources */,
			);
			buildRules = (
			);
			dependencies = (
				BA7DFB3E1F2769D600727B1F /* PBXTargetDependency */,
			);
			name = PracticeProjectUITests;
			productName = PracticeProjectUITests;
			productReference = BA7DFB3C1F2769D600727B1F /* PracticeProjectUITests.xctest */;
			productType = "com.apple.product-type.bundle.ui-testing";
		};
/* End PBXNativeTarget section */

/* Begin PBXProject section */
		BA7DFB101F2769D600727B1F /* Project object */ = {
			isa = PBXProject;
			attributes = {
				CLASSPREFIX = "";
				LastUpgradeCheck = 0830;
				ORGANIZATIONNAME = lynn;
				TargetAttributes = {
					BA7DFB171F2769D600727B1F = {
						CreatedOnToolsVersion = 8.3;
						DevelopmentTeam = QT88ZY57P2;
						ProvisioningStyle = Automatic;
					};
					BA7DFB301F2769D600727B1F = {
						CreatedOnToolsVersion = 8.3;
						DevelopmentTeam = QT88ZY57P2;
						ProvisioningStyle = Automatic;
						TestTargetID = BA7DFB171F2769D600727B1F;
					};
					BA7DFB3B1F2769D600727B1F = {
						CreatedOnToolsVersion = 8.3;
						DevelopmentTeam = QT88ZY57P2;
						ProvisioningStyle = Automatic;
						TestTargetID = BA7DFB171F2769D600727B1F;
					};
				};
			};
			buildConfigurationList = BA7DFB131F2769D600727B1F /* Build configuration list for PBXProject "PracticeProject" */;
			compatibilityVersion = "Xcode 3.2";
			developmentRegion = English;
			hasScannedForEncodings = 0;
			knownRegions = (
				en,
				Base,
			);
			mainGroup = BA7DFB0F1F2769D600727B1F;
			productRefGroup = BA7DFB191F2769D600727B1F /* Products */;
			projectDirPath = "";
			projectRoot = "";
			targets = (
				BA7DFB171F2769D600727B1F /* PracticeProject */,
				BA7DFB301F2769D600727B1F /* PracticeProjectTests */,
				BA7DFB3B1F2769D600727B1F /* PracticeProjectUITests */,
			);
		};
/* End PBXProject section */

/* Begin PBXResourcesBuildPhase section */
		BA7DFB161F2769D600727B1F /* Resources */ = {
			isa = PBXResourcesBuildPhase;
			buildActionMask = 2147483647;
			files = (
				BAED44A12099DC8500397F3F /* JSPatch.js in Resources */,
				BAED44A82099E0D200397F3F /* Test List.plist in Resources */,
				BA7DFB2B1F2769D600727B1F /* LaunchScreen.storyboard in Resources */,
				BA7DFB281F2769D600727B1F /* Assets.xcassets in Resources */,
			);
			runOnlyForDeploymentPostprocessing = 0;
		};
		BA7DFB2F1F2769D600727B1F /* Resources */ = {
			isa = PBXResourcesBuildPhase;
			buildActionMask = 2147483647;
			files = (
			);
			runOnlyForDeploymentPostprocessing = 0;
		};
		BA7DFB3A1F2769D600727B1F /* Resources */ = {
			isa = PBXResourcesBuildPhase;
			buildActionMask = 2147483647;
			files = (
			);
			runOnlyForDeploymentPostprocessing = 0;
		};
/* End PBXResourcesBuildPhase section */

/* Begin PBXShellScriptBuildPhase section */
		2D8B84899798342325687DAD /* [CP] Check Pods Manifest.lock */ = {
			isa = PBXShellScriptBuildPhase;
			buildActionMask = 2147483647;
			files = (
			);
			inputPaths = (
			);
			name = "[CP] Check Pods Manifest.lock";
			outputPaths = (
			);
			runOnlyForDeploymentPostprocessing = 0;
			shellPath = /bin/sh;
			shellScript = "diff \"${PODS_ROOT}/../Podfile.lock\" \"${PODS_ROOT}/Manifest.lock\" > /dev/null\nif [ $? != 0 ] ; then\n    # print error to STDERR\n    echo \"error: The sandbox is not in sync with the Podfile.lock. Run 'pod install' or update your CocoaPods installation.\" >&2\n    exit 1\nfi\n";
			showEnvVarsInLog = 0;
		};
		7E8B1D7B4FDA55757A7F1EB3 /* [CP] Copy Pods Resources */ = {
			isa = PBXShellScriptBuildPhase;
			buildActionMask = 2147483647;
			files = (
			);
			inputPaths = (
			);
			name = "[CP] Copy Pods Resources";
			outputPaths = (
			);
			runOnlyForDeploymentPostprocessing = 0;
			shellPath = /bin/sh;
			shellScript = "\"${SRCROOT}/Pods/Target Support Files/Pods-PracticeProject/Pods-PracticeProject-resources.sh\"\n";
			showEnvVarsInLog = 0;
		};
		84F6F6CAC08AFE8E58E9CFEE /* [CP] Embed Pods Frameworks */ = {
			isa = PBXShellScriptBuildPhase;
			buildActionMask = 2147483647;
			files = (
			);
			inputPaths = (
			);
			name = "[CP] Embed Pods Frameworks";
			outputPaths = (
			);
			runOnlyForDeploymentPostprocessing = 0;
			shellPath = /bin/sh;
			shellScript = "\"${SRCROOT}/Pods/Target Support Files/Pods-PracticeProject/Pods-PracticeProject-frameworks.sh\"\n";
			showEnvVarsInLog = 0;
		};
/* End PBXShellScriptBuildPhase section */

/* Begin PBXSourcesBuildPhase section */
		BA7DFB141F2769D600727B1F /* Sources */ = {
			isa = PBXSourcesBuildPhase;
			buildActionMask = 2147483647;
			files = (
				BAED44A62099DE2900397F3F /* TestViewController.m in Sources */,
				BA7DFB601F27753E00727B1F /* RTAppDelegate.m in Sources */,
				BAB3221A1FD691DF00E7C119 /* RTRACOperation.m in Sources */,
				BAED449B2099DC5900397F3F /* JsPatchViewController.m in Sources */,
				BAED44A02099DC8500397F3F /* JPEngine.m in Sources */,
				BA7DFB1D1F2769D600727B1F /* main.m in Sources */,
			);
			runOnlyForDeploymentPostprocessing = 0;
		};
		BA7DFB2D1F2769D600727B1F /* Sources */ = {
			isa = PBXSourcesBuildPhase;
			buildActionMask = 2147483647;
			files = (
				BA7DFB361F2769D600727B1F /* PracticeProjectTests.m in Sources */,
			);
			runOnlyForDeploymentPostprocessing = 0;
		};
		BA7DFB381F2769D600727B1F /* Sources */ = {
			isa = PBXSourcesBuildPhase;
			buildActionMask = 2147483647;
			files = (
				BA7DFB411F2769D600727B1F /* PracticeProjectUITests.m in Sources */,
			);
			runOnlyForDeploymentPostprocessing = 0;
		};
/* End PBXSourcesBuildPhase section */

/* Begin PBXTargetDependency section */
		BA7DFB331F2769D600727B1F /* PBXTargetDependency */ = {
			isa = PBXTargetDependency;
			target = BA7DFB171F2769D600727B1F /* PracticeProject */;
			targetProxy = BA7DFB321F2769D600727B1F /* PBXContainerItemProxy */;
		};
		BA7DFB3E1F2769D600727B1F /* PBXTargetDependency */ = {
			isa = PBXTargetDependency;
			target = BA7DFB171F2769D600727B1F /* PracticeProject */;
			targetProxy = BA7DFB3D1F2769D600727B1F /* PBXContainerItemProxy */;
		};
/* End PBXTargetDependency section */

/* Begin PBXVariantGroup section */
		BA7DFB291F2769D600727B1F /* LaunchScreen.storyboard */ = {
			isa = PBXVariantGroup;
			children = (
				BA7DFB2A1F2769D600727B1F /* Base */,
			);
			name = LaunchScreen.storyboard;
			sourceTree = "<group>";
		};
/* End PBXVariantGroup section */

/* Begin XCBuildConfiguration section */
		BA7DFB431F2769D600727B1F /* Debug */ = {
			isa = XCBuildConfiguration;
			buildSettings = {
				ALWAYS_SEARCH_USER_PATHS = NO;
				CLANG_ANALYZER_NONNULL = YES;
				CLANG_ANALYZER_NUMBER_OBJECT_CONVERSION = YES_AGGRESSIVE;
				CLANG_CXX_LANGUAGE_STANDARD = "gnu++0x";
				CLANG_CXX_LIBRARY = "libc++";
				CLANG_ENABLE_MODULES = YES;
				CLANG_ENABLE_OBJC_ARC = YES;
				CLANG_WARN_BOOL_CONVERSION = YES;
				CLANG_WARN_CONSTANT_CONVERSION = YES;
				CLANG_WARN_DIRECT_OBJC_ISA_USAGE = YES_ERROR;
				CLANG_WARN_DOCUMENTATION_COMMENTS = YES;
				CLANG_WARN_EMPTY_BODY = YES;
				CLANG_WARN_ENUM_CONVERSION = YES;
				CLANG_WARN_INFINITE_RECURSION = YES;
				CLANG_WARN_INT_CONVERSION = YES;
				CLANG_WARN_OBJC_ROOT_CLASS = YES_ERROR;
				CLANG_WARN_SUSPICIOUS_MOVE = YES;
				CLANG_WARN_UNREACHABLE_CODE = YES;
				CLANG_WARN__DUPLICATE_METHOD_MATCH = YES;
				"CODE_SIGN_IDENTITY[sdk=iphoneos*]" = "iPhone Developer";
				COPY_PHASE_STRIP = NO;
				DEBUG_INFORMATION_FORMAT = dwarf;
				ENABLE_STRICT_OBJC_MSGSEND = YES;
				ENABLE_TESTABILITY = YES;
				GCC_C_LANGUAGE_STANDARD = gnu99;
				GCC_DYNAMIC_NO_PIC = NO;
				GCC_NO_COMMON_BLOCKS = YES;
				GCC_OPTIMIZATION_LEVEL = 0;
				GCC_PREPROCESSOR_DEFINITIONS = (
					"DEBUG=1",
					"$(inherited)",
				);
				GCC_WARN_64_TO_32_BIT_CONVERSION = YES;
				GCC_WARN_ABOUT_RETURN_TYPE = YES_ERROR;
				GCC_WARN_UNDECLARED_SELECTOR = YES;
				GCC_WARN_UNINITIALIZED_AUTOS = YES_AGGRESSIVE;
				GCC_WARN_UNUSED_FUNCTION = YES;
				GCC_WARN_UNUSED_VARIABLE = YES;
				IPHONEOS_DEPLOYMENT_TARGET = 10.3;
				MTL_ENABLE_DEBUG_INFO = YES;
				ONLY_ACTIVE_ARCH = YES;
				SDKROOT = iphoneos;
				TARGETED_DEVICE_FAMILY = "1,2";
			};
			name = Debug;
		};
		BA7DFB441F2769D600727B1F /* Release */ = {
			isa = XCBuildConfiguration;
			buildSettings = {
				ALWAYS_SEARCH_USER_PATHS = NO;
				CLANG_ANALYZER_NONNULL = YES;
				CLANG_ANALYZER_NUMBER_OBJECT_CONVERSION = YES_AGGRESSIVE;
				CLANG_CXX_LANGUAGE_STANDARD = "gnu++0x";
				CLANG_CXX_LIBRARY = "libc++";
				CLANG_ENABLE_MODULES = YES;
				CLANG_ENABLE_OBJC_ARC = YES;
				CLANG_WARN_BOOL_CONVERSION = YES;
				CLANG_WARN_CONSTANT_CONVERSION = YES;
				CLANG_WARN_DIRECT_OBJC_ISA_USAGE = YES_ERROR;
				CLANG_WARN_DOCUMENTATION_COMMENTS = YES;
				CLANG_WARN_EMPTY_BODY = YES;
				CLANG_WARN_ENUM_CONVERSION = YES;
				CLANG_WARN_INFINITE_RECURSION = YES;
				CLANG_WARN_INT_CONVERSION = YES;
				CLANG_WARN_OBJC_ROOT_CLASS = YES_ERROR;
				CLANG_WARN_SUSPICIOUS_MOVE = YES;
				CLANG_WARN_UNREACHABLE_CODE = YES;
				CLANG_WARN__DUPLICATE_METHOD_MATCH = YES;
				"CODE_SIGN_IDENTITY[sdk=iphoneos*]" = "iPhone Developer";
				COPY_PHASE_STRIP = NO;
				DEBUG_INFORMATION_FORMAT = "dwarf-with-dsym";
				ENABLE_NS_ASSERTIONS = NO;
				ENABLE_STRICT_OBJC_MSGSEND = YES;
				GCC_C_LANGUAGE_STANDARD = gnu99;
				GCC_NO_COMMON_BLOCKS = YES;
				GCC_WARN_64_TO_32_BIT_CONVERSION = YES;
				GCC_WARN_ABOUT_RETURN_TYPE = YES_ERROR;
				GCC_WARN_UNDECLARED_SELECTOR = YES;
				GCC_WARN_UNINITIALIZED_AUTOS = YES_AGGRESSIVE;
				GCC_WARN_UNUSED_FUNCTION = YES;
				GCC_WARN_UNUSED_VARIABLE = YES;
				IPHONEOS_DEPLOYMENT_TARGET = 10.3;
				MTL_ENABLE_DEBUG_INFO = NO;
				SDKROOT = iphoneos;
				TARGETED_DEVICE_FAMILY = "1,2";
				VALIDATE_PRODUCT = YES;
			};
			name = Release;
		};
		BA7DFB461F2769D600727B1F /* Debug */ = {
			isa = XCBuildConfiguration;
			baseConfigurationReference = B8D949701D78B2F402BCBD6A /* Pods-PracticeProject.debug.xcconfig */;
			buildSettings = {
				ASSETCATALOG_COMPILER_APPICON_NAME = AppIcon;
				DEVELOPMENT_TEAM = QT88ZY57P2;
				GCC_PRECOMPILE_PREFIX_HEADER = YES;
				GCC_PREFIX_HEADER = /Users/lynn/Desktop/test_oc/PracticeProject/PracticeProject.pch;
				INFOPLIST_FILE = PracticeProject/Info.plist;
				LD_RUNPATH_SEARCH_PATHS = "$(inherited) @executable_path/Frameworks";
				PRODUCT_BUNDLE_IDENTIFIER = com.lynn.PracticeProject;
				PRODUCT_NAME = "$(TARGET_NAME)";
			};
			name = Debug;
		};
		BA7DFB471F2769D600727B1F /* Release */ = {
			isa = XCBuildConfiguration;
			baseConfigurationReference = 0DC278619CAF8940641F31D1 /* Pods-PracticeProject.release.xcconfig */;
			buildSettings = {
				ASSETCATALOG_COMPILER_APPICON_NAME = AppIcon;
				DEVELOPMENT_TEAM = QT88ZY57P2;
				GCC_PRECOMPILE_PREFIX_HEADER = YES;
				GCC_PREFIX_HEADER = /Users/lynn/Desktop/test_oc/PracticeProject/PracticeProject.pch;
				INFOPLIST_FILE = PracticeProject/Info.plist;
				LD_RUNPATH_SEARCH_PATHS = "$(inherited) @executable_path/Frameworks";
				PRODUCT_BUNDLE_IDENTIFIER = com.lynn.PracticeProject;
				PRODUCT_NAME = "$(TARGET_NAME)";
			};
			name = Release;
		};
		BA7DFB491F2769D600727B1F /* Debug */ = {
			isa = XCBuildConfiguration;
			buildSettings = {
				BUNDLE_LOADER = "$(TEST_HOST)";
				DEVELOPMENT_TEAM = QT88ZY57P2;
				INFOPLIST_FILE = PracticeProjectTests/Info.plist;
				LD_RUNPATH_SEARCH_PATHS = "$(inherited) @executable_path/Frameworks @loader_path/Frameworks";
				PRODUCT_BUNDLE_IDENTIFIER = com.lynn.PracticeProjectTests;
				PRODUCT_NAME = "$(TARGET_NAME)";
				TEST_HOST = "$(BUILT_PRODUCTS_DIR)/PracticeProject.app/PracticeProject";
			};
			name = Debug;
		};
		BA7DFB4A1F2769D600727B1F /* Release */ = {
			isa = XCBuildConfiguration;
			buildSettings = {
				BUNDLE_LOADER = "$(TEST_HOST)";
				DEVELOPMENT_TEAM = QT88ZY57P2;
				INFOPLIST_FILE = PracticeProjectTests/Info.plist;
				LD_RUNPATH_SEARCH_PATHS = "$(inherited) @executable_path/Frameworks @loader_path/Frameworks";
				PRODUCT_BUNDLE_IDENTIFIER = com.lynn.PracticeProjectTests;
				PRODUCT_NAME = "$(TARGET_NAME)";
				TEST_HOST = "$(BUILT_PRODUCTS_DIR)/PracticeProject.app/PracticeProject";
			};
			name = Release;
		};
		BA7DFB4C1F2769D600727B1F /* Debug */ = {
			isa = XCBuildConfiguration;
			buildSettings = {
				DEVELOPMENT_TEAM = QT88ZY57P2;
				INFOPLIST_FILE = PracticeProjectUITests/Info.plist;
				LD_RUNPATH_SEARCH_PATHS = "$(inherited) @executable_path/Frameworks @loader_path/Frameworks";
				PRODUCT_BUNDLE_IDENTIFIER = com.lynn.PracticeProjectUITests;
				PRODUCT_NAME = "$(TARGET_NAME)";
				TEST_TARGET_NAME = PracticeProject;
			};
			name = Debug;
		};
		BA7DFB4D1F2769D600727B1F /* Release */ = {
			isa = XCBuildConfiguration;
			buildSettings = {
				DEVELOPMENT_TEAM = QT88ZY57P2;
				INFOPLIST_FILE = PracticeProjectUITests/Info.plist;
				LD_RUNPATH_SEARCH_PATHS = "$(inherited) @executable_path/Frameworks @loader_path/Frameworks";
				PRODUCT_BUNDLE_IDENTIFIER = com.lynn.PracticeProjectUITests;
				PRODUCT_NAME = "$(TARGET_NAME)";
				TEST_TARGET_NAME = PracticeProject;
			};
			name = Release;
		};
/* End XCBuildConfiguration section */

/* Begin XCConfigurationList section */
		BA7DFB131F2769D600727B1F /* Build configuration list for PBXProject "PracticeProject" */ = {
			isa = XCConfigurationList;
			buildConfigurations = (
				BA7DFB431F2769D600727B1F /* Debug */,
				BA7DFB441F2769D600727B1F /* Release */,
			);
			defaultConfigurationIsVisible = 0;
			defaultConfigurationName = Release;
		};
		BA7DFB451F2769D600727B1F /* Build configuration list for PBXNativeTarget "PracticeProject" */ = {
			isa = XCConfigurationList;
			buildConfigurations = (
				BA7DFB461F2769D600727B1F /* Debug */,
				BA7DFB471F2769D600727B1F /* Release */,
			);
			defaultConfigurationIsVisible = 0;
			defaultConfigurationName = Release;
		};
		BA7DFB481F2769D600727B1F /* Build configuration list for PBXNativeTarget "PracticeProjectTests" */ = {
			isa = XCConfigurationList;
			buildConfigurations = (
				BA7DFB491F2769D600727B1F /* Debug */,
				BA7DFB4A1F2769D600727B1F /* Release */,
			);
			defaultConfigurationIsVisible = 0;
			defaultConfigurationName = Release;
		};
		BA7DFB4B1F2769D600727B1F /* Build configuration list for PBXNativeTarget "PracticeProjectUITests" */ = {
			isa = XCConfigurationList;
			buildConfigurations = (
				BA7DFB4C1F2769D600727B1F /* Debug */,
				BA7DFB4D1F2769D600727B1F /* Release */,
			);
			defaultConfigurationIsVisible = 0;
			defaultConfigurationName = Release;
		};
/* End XCConfigurationList section */
	};
	rootObject = BA7DFB101F2769D600727B1F /* Project object */;
}
